// !$*UTF8*$!
{
	archiveVersion = 1;
	classes = {
	};
	objectVersion = 46;
	objects = {

/* Begin PBXBuildFile section */
		208E2BD61A7A0DBE002C0F52 /* Images in Resources */ = {isa = PBXBuildFile; fileRef = 208E2BD51A7A0DBE002C0F52 /* Images */; };
		208E2BD91A7A0FA6002C0F52 /* Music in Resources */ = {isa = PBXBuildFile; fileRef = 208E2BD71A7A0FA6002C0F52 /* Music */; };
		208E2BDA1A7A0FA6002C0F52 /* Video in Resources */ = {isa = PBXBuildFile; fileRef = 208E2BD81A7A0FA6002C0F52 /* Video */; };
		20C9A0421A79F99900FE1596 /* main.m in Sources */ = {isa = PBXBuildFile; fileRef = 20C9A0411A79F99900FE1596 /* main.m */; };
		20C9A0451A79F99900FE1596 /* AppDelegate.m in Sources */ = {isa = PBXBuildFile; fileRef = 20C9A0441A79F99900FE1596 /* AppDelegate.m */; };
		20C9A0481A79F99900FE1596 /* FirstViewController.m in Sources */ = {isa = PBXBuildFile; fileRef = 20C9A0471A79F99900FE1596 /* FirstViewController.m */; };
		20C9A04B1A79F99900FE1596 /* SecondViewController.m in Sources */ = {isa = PBXBuildFile; fileRef = 20C9A04A1A79F99900FE1596 /* SecondViewController.m */; };
		20C9A04E1A79F99900FE1596 /* Main.storyboard in Resources */ = {isa = PBXBuildFile; fileRef = 20C9A04C1A79F99900FE1596 /* Main.storyboard */; };
		20C9A0501A79F99900FE1596 /* Images.xcassets in Resources */ = {isa = PBXBuildFile; fileRef = 20C9A04F1A79F99900FE1596 /* Images.xcassets */; };
		20C9A0531A79F99900FE1596 /* LaunchScreen.xib in Resources */ = {isa = PBXBuildFile; fileRef = 20C9A0511A79F99900FE1596 /* LaunchScreen.xib */; };
		20C9A05F1A79F99900FE1596 /* Mengqiu_PetTests.m in Sources */ = {isa = PBXBuildFile; fileRef = 20C9A05E1A79F99900FE1596 /* Mengqiu_PetTests.m */; };
		20C9A0731A7A00D100FE1596 /* Foundation.framework in Frameworks */ = {isa = PBXBuildFile; fileRef = 20C9A0721A7A00D100FE1596 /* Foundation.framework */; };
		20C9A0751A7A00E100FE1596 /* UIKit.framework in Frameworks */ = {isa = PBXBuildFile; fileRef = 20C9A0741A7A00E100FE1596 /* UIKit.framework */; };
		20C9A0771A7A00E800FE1596 /* CoreGraphics.framework in Frameworks */ = {isa = PBXBuildFile; fileRef = 20C9A0761A7A00E800FE1596 /* CoreGraphics.framework */; };
		20C9A07A1A7A016000FE1596 /* MQTabBarControllerViewController.m in Sources */ = {isa = PBXBuildFile; fileRef = 20C9A0791A7A016000FE1596 /* MQTabBarControllerViewController.m */; };
		20C9A07C1A7A02FD00FE1596 /* launchImage.jpeg in Resources */ = {isa = PBXBuildFile; fileRef = 20C9A07B1A7A02FD00FE1596 /* launchImage.jpeg */; };
/* End PBXBuildFile section */

/* Begin PBXContainerItemProxy section */
		20C9A0591A79F99900FE1596 /* PBXContainerItemProxy */ = {
			isa = PBXContainerItemProxy;
			containerPortal = 20C9A0341A79F99900FE1596 /* Project object */;
			proxyType = 1;
			remoteGlobalIDString = 20C9A03B1A79F99900FE1596;
			remoteInfo = "Mengqiu Pet";
		};
/* End PBXContainerItemProxy section */

/* Begin PBXFileReference section */
		208E2BD51A7A0DBE002C0F52 /* Images */ = {isa = PBXFileReference; lastKnownFileType = folder; path = Images; sourceTree = "<group>"; };
		208E2BD71A7A0FA6002C0F52 /* Music */ = {isa = PBXFileReference; lastKnownFileType = folder; path = Music; sourceTree = "<group>"; };
		208E2BD81A7A0FA6002C0F52 /* Video */ = {isa = PBXFileReference; lastKnownFileType = folder; path = Video; sourceTree = "<group>"; };
		20C9A03C1A79F99900FE1596 /* Mengqiu Pet.app */ = {isa = PBXFileReference; explicitFileType = wrapper.application; includeInIndex = 0; path = "Mengqiu Pet.app"; sourceTree = BUILT_PRODUCTS_DIR; };
		20C9A0401A79F99900FE1596 /* Info.plist */ = {isa = PBXFileReference; lastKnownFileType = text.plist.xml; path = Info.plist; sourceTree = "<group>"; };
		20C9A0411A79F99900FE1596 /* main.m */ = {isa = PBXFileReference; lastKnownFileType = sourcecode.c.objc; path = main.m; sourceTree = "<group>"; };
		20C9A0431A79F99900FE1596 /* AppDelegate.h */ = {isa = PBXFileReference; lastKnownFileType = sourcecode.c.h; path = AppDelegate.h; sourceTree = "<group>"; };
		20C9A0441A79F99900FE1596 /* AppDelegate.m */ = {isa = PBXFileReference; lastKnownFileType = sourcecode.c.objc; path = AppDelegate.m; sourceTree = "<group>"; };
		20C9A0461A79F99900FE1596 /* FirstViewController.h */ = {isa = PBXFileReference; lastKnownFileType = sourcecode.c.h; name = FirstViewController.h; path = "Mengqiu Pet/FirstViewController.h"; sourceTree = "<group>"; };
		20C9A0471A79F99900FE1596 /* FirstViewController.m */ = {isa = PBXFileReference; lastKnownFileType = sourcecode.c.objc; name = FirstViewController.m; path = "Mengqiu Pet/FirstViewController.m"; sourceTree = "<group>"; };
		20C9A0491A79F99900FE1596 /* SecondViewController.h */ = {isa = PBXFileReference; lastKnownFileType = sourcecode.c.h; name = SecondViewController.h; path = "Mengqiu Pet/SecondViewController.h"; sourceTree = "<group>"; };
		20C9A04A1A79F99900FE1596 /* SecondViewController.m */ = {isa = PBXFileReference; lastKnownFileType = sourcecode.c.objc; name = SecondViewController.m; path = "Mengqiu Pet/SecondViewController.m"; sourceTree = "<group>"; };
		20C9A04D1A79F99900FE1596 /* Base */ = {isa = PBXFileReference; lastKnownFileType = file.storyboard; name = Base; path = Base.lproj/Main.storyboard; sourceTree = "<group>"; };
		20C9A04F1A79F99900FE1596 /* Images.xcassets */ = {isa = PBXFileReference; lastKnownFileType = folder.assetcatalog; path = Images.xcassets; sourceTree = "<group>"; };
		20C9A0521A79F99900FE1596 /* Base */ = {isa = PBXFileReference; lastKnownFileType = file.xib; name = Base; path = Base.lproj/LaunchScreen.xib; sourceTree = "<group>"; };
		20C9A0581A79F99900FE1596 /* Mengqiu PetTests.xctest */ = {isa = PBXFileReference; explicitFileType = wrapper.cfbundle; includeInIndex = 0; path = "Mengqiu PetTests.xctest"; sourceTree = BUILT_PRODUCTS_DIR; };
		20C9A05D1A79F99900FE1596 /* Info.plist */ = {isa = PBXFileReference; lastKnownFileType = text.plist.xml; path = Info.plist; sourceTree = "<group>"; };
		20C9A05E1A79F99900FE1596 /* Mengqiu_PetTests.m */ = {isa = PBXFileReference; lastKnownFileType = sourcecode.c.objc; path = Mengqiu_PetTests.m; sourceTree = "<group>"; };
		20C9A0721A7A00D100FE1596 /* Foundation.framework */ = {isa = PBXFileReference; lastKnownFileType = wrapper.framework; name = Foundation.framework; path = System/Library/Frameworks/Foundation.framework; sourceTree = SDKROOT; };
		20C9A0741A7A00E100FE1596 /* UIKit.framework */ = {isa = PBXFileReference; lastKnownFileType = wrapper.framework; name = UIKit.framework; path = System/Library/Frameworks/UIKit.framework; sourceTree = SDKROOT; };
		20C9A0761A7A00E800FE1596 /* CoreGraphics.framework */ = {isa = PBXFileReference; lastKnownFileType = wrapper.framework; name = CoreGraphics.framework; path = System/Library/Frameworks/CoreGraphics.framework; sourceTree = SDKROOT; };
		20C9A0781A7A016000FE1596 /* MQTabBarControllerViewController.h */ = {isa = PBXFileReference; fileEncoding = 4; lastKnownFileType = sourcecode.c.h; name = MQTabBarControllerViewController.h; path = "Mengqiu Pet/MQTabBarControllerViewController.h"; sourceTree = "<group>"; };
		20C9A0791A7A016000FE1596 /* MQTabBarControllerViewController.m */ = {isa = PBXFileReference; fileEncoding = 4; lastKnownFileType = sourcecode.c.objc; name = MQTabBarControllerViewController.m; path = "Mengqiu Pet/MQTabBarControllerViewController.m"; sourceTree = "<group>"; };
		20C9A07B1A7A02FD00FE1596 /* launchImage.jpeg */ = {isa = PBXFileReference; lastKnownFileType = image.jpeg; name = launchImage.jpeg; path = "../../../../../../Downloads/MQ-c4f6d64fb4d3694edae350d6c0f2bf4a4a4f63f3/Mengqiu Pet/Mengqiu Pet/Images.xcassets/launchImage.imageset/launchImage.jpeg"; sourceTree = "<group>"; };
/* End PBXFileReference section */

/* Begin PBXFrameworksBuildPhase section */
		20C9A0391A79F99900FE1596 /* Frameworks */ = {
			isa = PBXFrameworksBuildPhase;
			buildActionMask = 2147483647;
			files = (
				20C9A0771A7A00E800FE1596 /* CoreGraphics.framework in Frameworks */,
				20C9A0751A7A00E100FE1596 /* UIKit.framework in Frameworks */,
				20C9A0731A7A00D100FE1596 /* Foundation.framework in Frameworks */,
			);
			runOnlyForDeploymentPostprocessing = 0;
		};
		20C9A0551A79F99900FE1596 /* Frameworks */ = {
			isa = PBXFrameworksBuildPhase;
			buildActionMask = 2147483647;
			files = (
			);
			runOnlyForDeploymentPostprocessing = 0;
		};
/* End PBXFrameworksBuildPhase section */

/* Begin PBXGroup section */
		20C9A0331A79F99900FE1596 = {
			isa = PBXGroup;
			children = (
				20C9A03E1A79F99900FE1596 /* Mengqiu Pet */,
				20C9A05B1A79F99900FE1596 /* Mengqiu PetTests */,
				20C9A03D1A79F99900FE1596 /* Products */,
				20C9A0711A7A00B700FE1596 /* Frameworks */,
			);
			sourceTree = "<group>";
		};
		20C9A03D1A79F99900FE1596 /* Products */ = {
			isa = PBXGroup;
			children = (
				20C9A03C1A79F99900FE1596 /* Mengqiu Pet.app */,
				20C9A0581A79F99900FE1596 /* Mengqiu PetTests.xctest */,
			);
			name = Products;
			sourceTree = "<group>";
		};
		20C9A03E1A79F99900FE1596 /* Mengqiu Pet */ = {
			isa = PBXGroup;
			children = (
				20C9A06D1A79FFFB00FE1596 /* Others */,
				20C9A06C1A79FFB400FE1596 /* Controllers */,
				20C9A06B1A79FFAB00FE1596 /* Views */,
				20C9A06A1A79FF7400FE1596 /* Models */,
				20C9A0691A79FF4F00FE1596 /* Librarys */,
				20C9A0681A79FF2100FE1596 /* XIBS */,
				20C9A04F1A79F99900FE1596 /* Images.xcassets */,
				20C9A07B1A7A02FD00FE1596 /* launchImage.jpeg */,
				20C9A03F1A79F99900FE1596 /* Supporting Files */,
			);
			path = "Mengqiu Pet";
			sourceTree = "<group>";
		};
		20C9A03F1A79F99900FE1596 /* Supporting Files */ = {
			isa = PBXGroup;
			children = (
				208E2BD71A7A0FA6002C0F52 /* Music */,
				208E2BD81A7A0FA6002C0F52 /* Video */,
				208E2BD51A7A0DBE002C0F52 /* Images */,
				20C9A04C1A79F99900FE1596 /* Main.storyboard */,
				20C9A0401A79F99900FE1596 /* Info.plist */,
				20C9A0411A79F99900FE1596 /* main.m */,
			);
			name = "Supporting Files";
			sourceTree = "<group>";
		};
		20C9A05B1A79F99900FE1596 /* Mengqiu PetTests */ = {
			isa = PBXGroup;
			children = (
				20C9A05E1A79F99900FE1596 /* Mengqiu_PetTests.m */,
				20C9A05C1A79F99900FE1596 /* Supporting Files */,
			);
			path = "Mengqiu PetTests";
			sourceTree = "<group>";
		};
		20C9A05C1A79F99900FE1596 /* Supporting Files */ = {
			isa = PBXGroup;
			children = (
				20C9A05D1A79F99900FE1596 /* Info.plist */,
			);
			name = "Supporting Files";
			sourceTree = "<group>";
		};
		20C9A0681A79FF2100FE1596 /* XIBS */ = {
			isa = PBXGroup;
			children = (
				20C9A0511A79F99900FE1596 /* LaunchScreen.xib */,
			);
			name = XIBS;
			path = ..;
			sourceTree = "<group>";
		};
		20C9A0691A79FF4F00FE1596 /* Librarys */ = {
			isa = PBXGroup;
			children = (
			);
			name = Librarys;
			path = ..;
			sourceTree = "<group>";
		};
		20C9A06A1A79FF7400FE1596 /* Models */ = {
			isa = PBXGroup;
			children = (
			);
			name = Models;
			path = ..;
			sourceTree = "<group>";
		};
		20C9A06B1A79FFAB00FE1596 /* Views */ = {
			isa = PBXGroup;
			children = (
			);
			name = Views;
			path = ..;
			sourceTree = "<group>";
		};
		20C9A06C1A79FFB400FE1596 /* Controllers */ = {
			isa = PBXGroup;
			children = (
				20C9A0461A79F99900FE1596 /* FirstViewController.h */,
				20C9A0471A79F99900FE1596 /* FirstViewController.m */,
				20C9A0491A79F99900FE1596 /* SecondViewController.h */,
				20C9A04A1A79F99900FE1596 /* SecondViewController.m */,
				20C9A0781A7A016000FE1596 /* MQTabBarControllerViewController.h */,
				20C9A0791A7A016000FE1596 /* MQTabBarControllerViewController.m */,
			);
			name = Controllers;
			path = ..;
			sourceTree = "<group>";
		};
		20C9A06D1A79FFFB00FE1596 /* Others */ = {
			isa = PBXGroup;
			children = (
				20C9A0431A79F99900FE1596 /* AppDelegate.h */,
				20C9A0441A79F99900FE1596 /* AppDelegate.m */,
			);
			name = Others;
			sourceTree = "<group>";
		};
		20C9A0711A7A00B700FE1596 /* Frameworks */ = {
			isa = PBXGroup;
			children = (
				20C9A0761A7A00E800FE1596 /* CoreGraphics.framework */,
				20C9A0741A7A00E100FE1596 /* UIKit.framework */,
				20C9A0721A7A00D100FE1596 /* Foundation.framework */,
			);
			name = Frameworks;
			sourceTree = "<group>";
		};
/* End PBXGroup section */

/* Begin PBXNativeTarget section */
		20C9A03B1A79F99900FE1596 /* Mengqiu Pet */ = {
			isa = PBXNativeTarget;
			buildConfigurationList = 20C9A0621A79F99900FE1596 /* Build configuration list for PBXNativeTarget "Mengqiu Pet" */;
			buildPhases = (
				20C9A0381A79F99900FE1596 /* Sources */,
				20C9A0391A79F99900FE1596 /* Frameworks */,
				20C9A03A1A79F99900FE1596 /* Resources */,
			);
			buildRules = (
			);
			dependencies = (
			);
			name = "Mengqiu Pet";
			productName = "Mengqiu Pet";
			productReference = 20C9A03C1A79F99900FE1596 /* Mengqiu Pet.app */;
			productType = "com.apple.product-type.application";
		};
		20C9A0571A79F99900FE1596 /* Mengqiu PetTests */ = {
			isa = PBXNativeTarget;
			buildConfigurationList = 20C9A0651A79F99900FE1596 /* Build configuration list for PBXNativeTarget "Mengqiu PetTests" */;
			buildPhases = (
				20C9A0541A79F99900FE1596 /* Sources */,
				20C9A0551A79F99900FE1596 /* Frameworks */,
				20C9A0561A79F99900FE1596 /* Resources */,
			);
			buildRules = (
			);
			dependencies = (
				20C9A05A1A79F99900FE1596 /* PBXTargetDependency */,
			);
			name = "Mengqiu PetTests";
			productName = "Mengqiu PetTests";
			productReference = 20C9A0581A79F99900FE1596 /* Mengqiu PetTests.xctest */;
			productType = "com.apple.product-type.bundle.unit-test";
		};
/* End PBXNativeTarget section */

/* Begin PBXProject section */
		20C9A0341A79F99900FE1596 /* Project object */ = {
			isa = PBXProject;
			attributes = {
				LastUpgradeCheck = 0610;
				ORGANIZATIONNAME = "Mr.Alpaca Information Technology Co., Ltd.";
				TargetAttributes = {
					20C9A03B1A79F99900FE1596 = {
						CreatedOnToolsVersion = 6.1.1;
					};
					20C9A0571A79F99900FE1596 = {
						CreatedOnToolsVersion = 6.1.1;
						TestTargetID = 20C9A03B1A79F99900FE1596;
					};
				};
			};
			buildConfigurationList = 20C9A0371A79F99900FE1596 /* Build configuration list for PBXProject "Mengqiu Pet" */;
			compatibilityVersion = "Xcode 3.2";
			developmentRegion = English;
			hasScannedForEncodings = 0;
			knownRegions = (
				en,
				Base,
			);
			mainGroup = 20C9A0331A79F99900FE1596;
			productRefGroup = 20C9A03D1A79F99900FE1596 /* Products */;
			projectDirPath = "";
			projectRoot = "";
			targets = (
				20C9A03B1A79F99900FE1596 /* Mengqiu Pet */,
				20C9A0571A79F99900FE1596 /* Mengqiu PetTests */,
			);
		};
/* End PBXProject section */

/* Begin PBXResourcesBuildPhase section */
		20C9A03A1A79F99900FE1596 /* Resources */ = {
			isa = PBXResourcesBuildPhase;
			buildActionMask = 2147483647;
			files = (
				208E2BD91A7A0FA6002C0F52 /* Music in Resources */,
				208E2BD61A7A0DBE002C0F52 /* Images in Resources */,
				20C9A04E1A79F99900FE1596 /* Main.storyboard in Resources */,
				20C9A0531A79F99900FE1596 /* LaunchScreen.xib in Resources */,
				20C9A07C1A7A02FD00FE1596 /* launchImage.jpeg in Resources */,
				20C9A0501A79F99900FE1596 /* Images.xcassets in Resources */,
				208E2BDA1A7A0FA6002C0F52 /* Video in Resources */,
			);
			runOnlyForDeploymentPostprocessing = 0;
		};
		20C9A0561A79F99900FE1596 /* Resources */ = {
			isa = PBXResourcesBuildPhase;
			buildActionMask = 2147483647;
			files = (
			);
			runOnlyForDeploymentPostprocessing = 0;
		};
/* End PBXResourcesBuildPhase section */

/* Begin PBXSourcesBuildPhase section */
		20C9A0381A79F99900FE1596 /* Sources */ = {
			isa = PBXSourcesBuildPhase;
			buildActionMask = 2147483647;
			files = (
				20C9A04B1A79F99900FE1596 /* SecondViewController.m in Sources */,
				20C9A0451A79F99900FE1596 /* AppDelegate.m in Sources */,
				20C9A0481A79F99900FE1596 /* FirstViewController.m in Sources */,
				20C9A07A1A7A016000FE1596 /* MQTabBarControllerViewController.m in Sources */,
				20C9A0421A79F99900FE1596 /* main.m in Sources */,
			);
			runOnlyForDeploymentPostprocessing = 0;
		};
		20C9A0541A79F99900FE1596 /* Sources */ = {
			isa = PBXSourcesBuildPhase;
			buildActionMask = 2147483647;
			files = (
				20C9A05F1A79F99900FE1596 /* Mengqiu_PetTests.m in Sources */,
			);
			runOnlyForDeploymentPostprocessing = 0;
		};
/* End PBXSourcesBuildPhase section */

/* Begin PBXTargetDependency section */
		20C9A05A1A79F99900FE1596 /* PBXTargetDependency */ = {
			isa = PBXTargetDependency;
			target = 20C9A03B1A79F99900FE1596 /* Mengqiu Pet */;
			targetProxy = 20C9A0591A79F99900FE1596 /* PBXContainerItemProxy */;
		};
/* End PBXTargetDependency section */

/* Begin PBXVariantGroup section */
		20C9A04C1A79F99900FE1596 /* Main.storyboard */ = {
			isa = PBXVariantGroup;
			children = (
				20C9A04D1A79F99900FE1596 /* Base */,
			);
			name = Main.storyboard;
			sourceTree = "<group>";
		};
		20C9A0511A79F99900FE1596 /* LaunchScreen.xib */ = {
			isa = PBXVariantGroup;
			children = (
				20C9A0521A79F99900FE1596 /* Base */,
			);
			name = LaunchScreen.xib;
			path = "Mengqiu Pet";
			sourceTree = "<group>";
		};
/* End PBXVariantGroup section */

/* Begin XCBuildConfiguration section */
		20C9A0601A79F99900FE1596 /* Debug */ = {
			isa = XCBuildConfiguration;
			buildSettings = {
				ALWAYS_SEARCH_USER_PATHS = NO;
				CLANG_CXX_LANGUAGE_STANDARD = "gnu++0x";
				CLANG_CXX_LIBRARY = "libc++";
				CLANG_ENABLE_MODULES = YES;
				CLANG_ENABLE_OBJC_ARC = YES;
				CLANG_WARN_BOOL_CONVERSION = YES;
				CLANG_WARN_CONSTANT_CONVERSION = YES;
				CLANG_WARN_DIRECT_OBJC_ISA_USAGE = YES_ERROR;
				CLANG_WARN_EMPTY_BODY = YES;
				CLANG_WARN_ENUM_CONVERSION = YES;
				CLANG_WARN_INT_CONVERSION = YES;
				CLANG_WARN_OBJC_ROOT_CLASS = YES_ERROR;
				CLANG_WARN_UNREACHABLE_CODE = YES;
				CLANG_WARN__DUPLICATE_METHOD_MATCH = YES;
				"CODE_SIGN_IDENTITY[sdk=iphoneos*]" = "iPhone Developer";
				COPY_PHASE_STRIP = NO;
				ENABLE_STRICT_OBJC_MSGSEND = YES;
				GCC_C_LANGUAGE_STANDARD = gnu99;
				GCC_DYNAMIC_NO_PIC = NO;
				GCC_OPTIMIZATION_LEVEL = 0;
				GCC_PREPROCESSOR_DEFINITIONS = (
					"DEBUG=1",
					"$(inherited)",
				);
				GCC_SYMBOLS_PRIVATE_EXTERN = NO;
				GCC_WARN_64_TO_32_BIT_CONVERSION = YES;
				GCC_WARN_ABOUT_RETURN_TYPE = YES_ERROR;
				GCC_WARN_UNDECLARED_SELECTOR = YES;
				GCC_WARN_UNINITIALIZED_AUTOS = YES_AGGRESSIVE;
				GCC_WARN_UNUSED_FUNCTION = YES;
				GCC_WARN_UNUSED_VARIABLE = YES;
				IPHONEOS_DEPLOYMENT_TARGET = 8.1;
				MTL_ENABLE_DEBUG_INFO = YES;
				ONLY_ACTIVE_ARCH = YES;
				SDKROOT = iphoneos;
			};
			name = Debug;
		};
		20C9A0611A79F99900FE1596 /* Release */ = {
			isa = XCBuildConfiguration;
			buildSettings = {
				ALWAYS_SEARCH_USER_PATHS = NO;
				CLANG_CXX_LANGUAGE_STANDARD = "gnu++0x";
				CLANG_CXX_LIBRARY = "libc++";
				CLANG_ENABLE_MODULES = YES;
				CLANG_ENABLE_OBJC_ARC = YES;
				CLANG_WARN_BOOL_CONVERSION = YES;
				CLANG_WARN_CONSTANT_CONVERSION = YES;
				CLANG_WARN_DIRECT_OBJC_ISA_USAGE = YES_ERROR;
				CLANG_WARN_EMPTY_BODY = YES;
				CLANG_WARN_ENUM_CONVERSION = YES;
				CLANG_WARN_INT_CONVERSION = YES;
				CLANG_WARN_OBJC_ROOT_CLASS = YES_ERROR;
				CLANG_WARN_UNREACHABLE_CODE = YES;
				CLANG_WARN__DUPLICATE_METHOD_MATCH = YES;
				"CODE_SIGN_IDENTITY[sdk=iphoneos*]" = "iPhone Developer";
				COPY_PHASE_STRIP = YES;
				ENABLE_NS_ASSERTIONS = NO;
				ENABLE_STRICT_OBJC_MSGSEND = YES;
				GCC_C_LANGUAGE_STANDARD = gnu99;
				GCC_WARN_64_TO_32_BIT_CONVERSION = YES;
				GCC_WARN_ABOUT_RETURN_TYPE = YES_ERROR;
				GCC_WARN_UNDECLARED_SELECTOR = YES;
				GCC_WARN_UNINITIALIZED_AUTOS = YES_AGGRESSIVE;
				GCC_WARN_UNUSED_FUNCTION = YES;
				GCC_WARN_UNUSED_VARIABLE = YES;
				IPHONEOS_DEPLOYMENT_TARGET = 8.1;
				MTL_ENABLE_DEBUG_INFO = NO;
				SDKROOT = iphoneos;
				VALIDATE_PRODUCT = YES;
			};
			name = Release;
		};
		20C9A0631A79F99900FE1596 /* Debug */ = {
			isa = XCBuildConfiguration;
			buildSettings = {
				ASSETCATALOG_COMPILER_APPICON_NAME = AppIcon;
				INFOPLIST_FILE = "Mengqiu Pet/Info.plist";
				LD_RUNPATH_SEARCH_PATHS = "$(inherited) @executable_path/Frameworks";
				PRODUCT_NAME = "$(TARGET_NAME)";
			};
			name = Debug;
		};
		20C9A0641A79F99900FE1596 /* Release */ = {
			isa = XCBuildConfiguration;
			buildSettings = {
				ASSETCATALOG_COMPILER_APPICON_NAME = AppIcon;
				INFOPLIST_FILE = "Mengqiu Pet/Info.plist";
				LD_RUNPATH_SEARCH_PATHS = "$(inherited) @executable_path/Frameworks";
				PRODUCT_NAME = "$(TARGET_NAME)";
			};
			name = Release;
		};
		20C9A0661A79F99900FE1596 /* Debug */ = {
			isa = XCBuildConfiguration;
			buildSettings = {
				BUNDLE_LOADER = "$(TEST_HOST)";
				FRAMEWORK_SEARCH_PATHS = (
					"$(SDKROOT)/Developer/Library/Frameworks",
					"$(inherited)",
				);
				GCC_PREPROCESSOR_DEFINITIONS = (
					"DEBUG=1",
					"$(inherited)",
				);
				INFOPLIST_FILE = "Mengqiu PetTests/Info.plist";
				LD_RUNPATH_SEARCH_PATHS = "$(inherited) @executable_path/Frameworks @loader_path/Frameworks";
				PRODUCT_NAME = "$(TARGET_NAME)";
				TEST_HOST = "$(BUILT_PRODUCTS_DIR)/Mengqiu Pet.app/Mengqiu Pet";
			};
			name = Debug;
		};
		20C9A0671A79F99900FE1596 /* Release */ = {
			isa = XCBuildConfiguration;
			buildSettings = {
				BUNDLE_LOADER = "$(TEST_HOST)";
				FRAMEWORK_SEARCH_PATHS = (
					"$(SDKROOT)/Developer/Library/Frameworks",
					"$(inherited)",
				);
				INFOPLIST_FILE = "Mengqiu PetTests/Info.plist";
				LD_RUNPATH_SEARCH_PATHS = "$(inherited) @executable_path/Frameworks @loader_path/Frameworks";
				PRODUCT_NAME = "$(TARGET_NAME)";
				TEST_HOST = "$(BUILT_PRODUCTS_DIR)/Mengqiu Pet.app/Mengqiu Pet";
			};
			name = Release;
		};
/* End XCBuildConfiguration section */

/* Begin XCConfigurationList section */
		20C9A0371A79F99900FE1596 /* Build configuration list for PBXProject "Mengqiu Pet" */ = {
			isa = XCConfigurationList;
			buildConfigurations = (
				20C9A0601A79F99900FE1596 /* Debug */,
				20C9A0611A79F99900FE1596 /* Release */,
			);
			defaultConfigurationIsVisible = 0;
			defaultConfigurationName = Release;
		};
		20C9A0621A79F99900FE1596 /* Build configuration list for PBXNativeTarget "Mengqiu Pet" */ = {
			isa = XCConfigurationList;
			buildConfigurations = (
				20C9A0631A79F99900FE1596 /* Debug */,
				20C9A0641A79F99900FE1596 /* Release */,
			);
			defaultConfigurationIsVisible = 0;
			defaultConfigurationName = Release;
		};
		20C9A0651A79F99900FE1596 /* Build configuration list for PBXNativeTarget "Mengqiu PetTests" */ = {
			isa = XCConfigurationList;
			buildConfigurations = (
				20C9A0661A79F99900FE1596 /* Debug */,
				20C9A0671A79F99900FE1596 /* Release */,
			);
			defaultConfigurationIsVisible = 0;
			defaultConfigurationName = Release;
		};
/* End XCConfigurationList section */
	};
	rootObject = 20C9A0341A79F99900FE1596 /* Project object */;
}
